dependencies:
- name: elasticsearch
  repository: https://helm.elastic.co
  version: 7.17.3
- name: fluent-bit
  repository: https://fluent.github.io/helm-charts
  version: 0.21.1
- name: kibana
  repository: https://helm.elastic.co
  version: 7.17.3
digest: sha256:629324754c2376ee4e4d3c74eb6fbb89eea07354cc91b84189420447f56ec386
generated: "2022-11-14T19:29:24.560986395+01:00"
